{
  "name": "thebestmoveV2",
  "lockfileVersion": 2,
  "requires": true,
  "packages": {
    "": {
      "dependencies": {
        "@cascadia-code/scroll-to-hash-element": "^2.0.3",
        "@lottiefiles/dotlottie-react": "^0.12.1",
        "lottie-react": "^2.4.0"
      }
    },
    "node_modules/@cascadia-code/scroll-to-hash-element": {
      "version": "2.0.3",
      "resolved": "https://registry.npmjs.org/@cascadia-code/scroll-to-hash-element/-/scroll-to-hash-element-2.0.3.tgz",
      "integrity": "sha512-unNYcJYLhcFdKAvjxRe0fACyj/mDnK8qbljEoPzOgT526J1Dvd2zhyNKy383QT8Iaq8pYcmAjmJpQ5hf639FvQ==",
      "license": "MIT",
      "peerDependencies": {
        "react": "^16.8.0 || ^17.0.0 || ^18.0.0"
      }
    },
    "node_modules/@lottiefiles/dotlottie-react": {
      "version": "0.12.1",
      "resolved": "https://registry.npmjs.org/@lottiefiles/dotlottie-react/-/dotlottie-react-0.12.1.tgz",
      "integrity": "sha512-8l0db31gqozQMC2ZfzV6NWN1cit/NOlevVgS98qC2N4vugS6CZ6IWE4EfLLJEa9DILSinENDE4K85+eIJw4MOQ==",
      "dependencies": {
        "@lottiefiles/dotlottie-web": "0.39.0"
      },
      "peerDependencies": {
        "react": "^17 || ^18 || ^19"
      }
    },
    "node_modules/@lottiefiles/dotlottie-web": {
      "version": "0.39.0",
      "resolved": "https://registry.npmjs.org/@lottiefiles/dotlottie-web/-/dotlottie-web-0.39.0.tgz",
      "integrity": "sha512-kJWL6NEtbXQQHFK8kMfNte/5vuTHjFhL11a30s4PJSikao8IeEu+hLJH72flWHyTLpL4tmnxW3WkTKUwZ8Osug=="
    },
    "node_modules/js-tokens": {
      "version": "4.0.0",
      "resolved": "https://registry.npmjs.org/js-tokens/-/js-tokens-4.0.0.tgz",
      "integrity": "sha512-RdJUflcE3cUzKiMqQgsCu06FPu9UdIJO0beYbPhHN4k6apgJtifcoCtT9bcxOpYBtpD2kCM6Sbzg4CausW/PKQ==",
      "license": "MIT",
      "peer": true
    },
    "node_modules/loose-envify": {
      "version": "1.4.0",
      "resolved": "https://registry.npmjs.org/loose-envify/-/loose-envify-1.4.0.tgz",
      "integrity": "sha512-lyuxPGr/Wfhrlem2CL/UcnUc1zcqKAImBDzukY7Y5F/yQiNdko6+fRLevlw1HgMySw7f611UIY408EtxRSoK3Q==",
      "license": "MIT",
      "peer": true,
      "dependencies": {
        "js-tokens": "^3.0.0 || ^4.0.0"
      },
      "bin": {
        "loose-envify": "cli.js"
      }
    },
    "node_modules/lottie-react": {
      "version": "2.4.0",
      "resolved": "https://registry.npmjs.org/lottie-react/-/lottie-react-2.4.0.tgz",
      "integrity": "sha512-pDJGj+AQlnlyHvOHFK7vLdsDcvbuqvwPZdMlJ360wrzGFurXeKPr8SiRCjLf3LrNYKANQtSsh5dz9UYQHuqx4w==",
      "license": "MIT",
      "dependencies": {
        "lottie-web": "^5.10.2"
      },
      "peerDependencies": {
        "react": "^16.8.0 || ^17.0.0 || ^18.0.0",
        "react-dom": "^16.8.0 || ^17.0.0 || ^18.0.0"
      }
    },
    "node_modules/lottie-web": {
      "version": "5.12.2",
      "resolved": "https://registry.npmjs.org/lottie-web/-/lottie-web-5.12.2.tgz",
      "integrity": "sha512-uvhvYPC8kGPjXT3MyKMrL3JitEAmDMp30lVkuq/590Mw9ok6pWcFCwXJveo0t5uqYw1UREQHofD+jVpdjBv8wg==",
      "license": "MIT"
    },
    "node_modules/react": {
      "version": "18.3.1",
      "resolved": "https://registry.npmjs.org/react/-/react-18.3.1.tgz",
      "integrity": "sha512-wS+hAgJShR0KhEvPJArfuPVN1+Hz1t0Y6n5jLrGQbkb4urgPE/0Rve+1kMB1v/oWgHgm4WIcV+i7F2pTVj+2iQ==",
      "license": "MIT",
      "peer": true,
      "dependencies": {
        "loose-envify": "^1.1.0"
      },
      "engines": {
        "node": ">=0.10.0"
      }
    },
    "node_modules/react-dom": {
      "version": "18.3.1",
      "resolved": "https://registry.npmjs.org/react-dom/-/react-dom-18.3.1.tgz",
      "integrity": "sha512-5m4nQKp+rZRb09LNH59GM4BxTh9251/ylbKIbpe7TpGxfJ+9kv6BLkLBXIjjspbgbnIBNqlI23tRnTWT0snUIw==",
      "license": "MIT",
      "peer": true,
      "dependencies": {
        "loose-envify": "^1.1.0",
        "scheduler": "^0.23.2"
      },
      "peerDependencies": {
        "react": "^18.3.1"
      }
    },
    "node_modules/scheduler": {
      "version": "0.23.2",
      "resolved": "https://registry.npmjs.org/scheduler/-/scheduler-0.23.2.tgz",
      "integrity": "sha512-UOShsPwz7NrMUqhR6t0hWjFduvOzbtv7toDH1/hIrfRNIDBnnBWd0CwJTGvTpngVlmwGCdP9/Zl/tVrDqcuYzQ==",
      "license": "MIT",
      "peer": true,
      "dependencies": {
        "loose-envify": "^1.1.0"
      }
    }
  },
  "dependencies": {
    "@cascadia-code/scroll-to-hash-element": {
      "version": "2.0.3",
      "resolved": "https://registry.npmjs.org/@cascadia-code/scroll-to-hash-element/-/scroll-to-hash-element-2.0.3.tgz",
      "integrity": "sha512-unNYcJYLhcFdKAvjxRe0fACyj/mDnK8qbljEoPzOgT526J1Dvd2zhyNKy383QT8Iaq8pYcmAjmJpQ5hf639FvQ==",
      "requires": {}
    },
    "@lottiefiles/dotlottie-react": {
      "version": "0.12.1",
      "resolved": "https://registry.npmjs.org/@lottiefiles/dotlottie-react/-/dotlottie-react-0.12.1.tgz",
      "integrity": "sha512-8l0db31gqozQMC2ZfzV6NWN1cit/NOlevVgS98qC2N4vugS6CZ6IWE4EfLLJEa9DILSinENDE4K85+eIJw4MOQ==",
      "requires": {
        "@lottiefiles/dotlottie-web": "0.39.0"
      }
    },
    "@lottiefiles/dotlottie-web": {
      "version": "0.39.0",
      "resolved": "https://registry.npmjs.org/@lottiefiles/dotlottie-web/-/dotlottie-web-0.39.0.tgz",
      "integrity": "sha512-kJWL6NEtbXQQHFK8kMfNte/5vuTHjFhL11a30s4PJSikao8IeEu+hLJH72flWHyTLpL4tmnxW3WkTKUwZ8Osug=="
    },
    "js-tokens": {
      "version": "4.0.0",
      "resolved": "https://registry.npmjs.org/js-tokens/-/js-tokens-4.0.0.tgz",
      "integrity": "sha512-RdJUflcE3cUzKiMqQgsCu06FPu9UdIJO0beYbPhHN4k6apgJtifcoCtT9bcxOpYBtpD2kCM6Sbzg4CausW/PKQ==",
      "peer": true
    },
    "loose-envify": {
      "version": "1.4.0",
      "resolved": "https://registry.npmjs.org/loose-envify/-/loose-envify-1.4.0.tgz",
      "integrity": "sha512-lyuxPGr/Wfhrlem2CL/UcnUc1zcqKAImBDzukY7Y5F/yQiNdko6+fRLevlw1HgMySw7f611UIY408EtxRSoK3Q==",
      "peer": true,
      "requires": {
        "js-tokens": "^3.0.0 || ^4.0.0"
      }
    },
    "lottie-react": {
      "version": "2.4.0",
      "resolved": "https://registry.npmjs.org/lottie-react/-/lottie-react-2.4.0.tgz",
      "integrity": "sha512-pDJGj+AQlnlyHvOHFK7vLdsDcvbuqvwPZdMlJ360wrzGFurXeKPr8SiRCjLf3LrNYKANQtSsh5dz9UYQHuqx4w==",
      "requires": {
        "lottie-web": "^5.10.2"
      }
    },
    "lottie-web": {
      "version": "5.12.2",
      "resolved": "https://registry.npmjs.org/lottie-web/-/lottie-web-5.12.2.tgz",
      "integrity": "sha512-uvhvYPC8kGPjXT3MyKMrL3JitEAmDMp30lVkuq/590Mw9ok6pWcFCwXJveo0t5uqYw1UREQHofD+jVpdjBv8wg=="
    },
    "react": {
      "version": "18.3.1",
      "resolved": "https://registry.npmjs.org/react/-/react-18.3.1.tgz",
      "integrity": "sha512-wS+hAgJShR0KhEvPJArfuPVN1+Hz1t0Y6n5jLrGQbkb4urgPE/0Rve+1kMB1v/oWgHgm4WIcV+i7F2pTVj+2iQ==",
      "peer": true,
      "requires": {
        "loose-envify": "^1.1.0"
      }
    },
    "react-dom": {
      "version": "18.3.1",
      "resolved": "https://registry.npmjs.org/react-dom/-/react-dom-18.3.1.tgz",
      "integrity": "sha512-5m4nQKp+rZRb09LNH59GM4BxTh9251/ylbKIbpe7TpGxfJ+9kv6BLkLBXIjjspbgbnIBNqlI23tRnTWT0snUIw==",
      "peer": true,
      "requires": {
        "loose-envify": "^1.1.0",
        "scheduler": "^0.23.2"
      }
    },
    "scheduler": {
      "version": "0.23.2",
      "resolved": "https://registry.npmjs.org/scheduler/-/scheduler-0.23.2.tgz",
      "integrity": "sha512-UOShsPwz7NrMUqhR6t0hWjFduvOzbtv7toDH1/hIrfRNIDBnnBWd0CwJTGvTpngVlmwGCdP9/Zl/tVrDqcuYzQ==",
      "peer": true,
      "requires": {
        "loose-envify": "^1.1.0"
      }
    }
  }
}
